
Microsoft Visual Studio Solution File, Format Version 12.00
# Visual Studio Version 17
VisualStudioVersion = 17.0.31612.314
MinimumVisualStudioVersion = 10.0.40219.1
Project("{FAE04EC0-301F-11D3-BF4B-00C04F79EFBC}") = "NeuralNetworksFromScratch", "NeuralNetworksFromScratch\NeuralNetworksFromScratch.csproj", "{87774EC0-1B97-4FDD-8A88-88CCDC6FA8F1}"
EndProject
Global
	GlobalSection(SolutionConfigurationPlatforms) = preSolution
		Debug|Any CPU = Debug|Any CPU
		Release|Any CPU = Release|Any CPU
	EndGlobalSection
	GlobalSection(ProjectConfigurationPlatforms) = postSolution
		{87774EC0-1B97-4FDD-8A88-88CCDC6FA8F1}.Debug|Any CPU.ActiveCfg = Debug|Any CPU
		{87774EC0-1B97-4FDD-8A88-88CCDC6FA8F1}.Debug|Any CPU.Build.0 = Debug|Any CPU
		{87774EC0-1B97-4FDD-8A88-88CCDC6FA8F1}.Release|Any CPU.ActiveCfg = Release|Any CPU
		{87774EC0-1B97-4FDD-8A88-88CCDC6FA8F1}.Release|Any CPU.Build.0 = Release|Any CPU
	EndGlobalSection
	GlobalSection(SolutionProperties) = preSolution
		HideSolutionNode = FALSE
	EndGlobalSection
	GlobalSection(ExtensibilityGlobals) = postSolution
		SolutionGuid = {4EB0D13A-B7F1-4C53-8E1A-A87A2FB3CFD4}
	EndGlobalSection
EndGlobal
